# This file is automatically @generated by Cargo.
# It is not intended for manual editing.
version = 4

[[package]]
name = "cli"
version = "0.1.0"
dependencies = [
 "domain",
 "terminal",
]

[[package]]
name = "domain"
version = "0.1.0"

[[package]]
name = "server"
version = "0.1.0"
dependencies = [
 "domain",
 "storage",
]

[[package]]
name = "storage"
version = "0.1.0"

[[package]]
name = "terminal"
version = "0.1.0"
